// !$*UTF8*$!
{
	archiveVersion = 1;
	classes = {
	};
	objectVersion = 56;
	objects = {

/* Begin PBXBuildFile section */
		EA08E32229A7595D00A69FA2 /* StorageManager.swift in Sources */ = {isa = PBXBuildFile; fileRef = EA08E32129A7595D00A69FA2 /* StorageManager.swift */; };
		EA08E32429AF33D600A69FA2 /* ProfileViewViewModel.swift in Sources */ = {isa = PBXBuildFile; fileRef = EA08E32329AF33D600A69FA2 /* ProfileViewViewModel.swift */; };
		EA08E32729AF3CC100A69FA2 /* SDWebImage in Frameworks */ = {isa = PBXBuildFile; productRef = EA08E32629AF3CC100A69FA2 /* SDWebImage */; };
		EA08E32B29B09C3700A69FA2 /* Extension+UIColor.swift in Sources */ = {isa = PBXBuildFile; fileRef = EA08E32A29B09C3600A69FA2 /* Extension+UIColor.swift */; };
		EA08E32D29B0A14000A69FA2 /* TweetComposeViewController.swift in Sources */ = {isa = PBXBuildFile; fileRef = EA08E32C29B0A14000A69FA2 /* TweetComposeViewController.swift */; };
		EA2B52DF294C4A1400A0B616 /* GoogleService-Info.plist in Resources */ = {isa = PBXBuildFile; fileRef = EA2B52DE294C4A1300A0B616 /* GoogleService-Info.plist */; };
		EA2B52E2294C4C0800A0B616 /* FirebaseAuth in Frameworks */ = {isa = PBXBuildFile; productRef = EA2B52E1294C4C0800A0B616 /* FirebaseAuth */; };
		EA2B52E4294C4C0800A0B616 /* FirebaseAuthCombine-Community in Frameworks */ = {isa = PBXBuildFile; productRef = EA2B52E3294C4C0800A0B616 /* FirebaseAuthCombine-Community */; };
		EA2B52E6294C4C0800A0B616 /* FirebaseDatabase in Frameworks */ = {isa = PBXBuildFile; productRef = EA2B52E5294C4C0800A0B616 /* FirebaseDatabase */; };
		EA2B52E8294C4C0800A0B616 /* FirebaseDatabaseSwift in Frameworks */ = {isa = PBXBuildFile; productRef = EA2B52E7294C4C0800A0B616 /* FirebaseDatabaseSwift */; };
		EA2B52EA294C4C0800A0B616 /* FirebaseFirestore in Frameworks */ = {isa = PBXBuildFile; productRef = EA2B52E9294C4C0800A0B616 /* FirebaseFirestore */; };
		EA2B52EC294C4C0800A0B616 /* FirebaseFirestoreCombine-Community in Frameworks */ = {isa = PBXBuildFile; productRef = EA2B52EB294C4C0800A0B616 /* FirebaseFirestoreCombine-Community */; };
		EA2B52EE294C4C0800A0B616 /* FirebaseFirestoreSwift in Frameworks */ = {isa = PBXBuildFile; productRef = EA2B52ED294C4C0800A0B616 /* FirebaseFirestoreSwift */; };
		EA2B52F0294C4C0800A0B616 /* FirebaseStorage in Frameworks */ = {isa = PBXBuildFile; productRef = EA2B52EF294C4C0800A0B616 /* FirebaseStorage */; };
		EA2B52F2294C4C0800A0B616 /* FirebaseStorageCombine-Community in Frameworks */ = {isa = PBXBuildFile; productRef = EA2B52F1294C4C0800A0B616 /* FirebaseStorageCombine-Community */; };
		EA2B52F5294C4EFA00A0B616 /* OnboardingViewController.swift in Sources */ = {isa = PBXBuildFile; fileRef = EA2B52F4294C4EFA00A0B616 /* OnboardingViewController.swift */; };
		EA2B52F7294C982700A0B616 /* RegisterViewController.swift in Sources */ = {isa = PBXBuildFile; fileRef = EA2B52F6294C982700A0B616 /* RegisterViewController.swift */; };
		EA2B52FA294F217600A0B616 /* AuthenticationViewViewModel.swift in Sources */ = {isa = PBXBuildFile; fileRef = EA2B52F9294F217600A0B616 /* AuthenticationViewViewModel.swift */; };
		EAE584F9293F29A4000D5FD0 /* AppDelegate.swift in Sources */ = {isa = PBXBuildFile; fileRef = EAE584F8293F29A4000D5FD0 /* AppDelegate.swift */; };
		EAE584FB293F29A4000D5FD0 /* SceneDelegate.swift in Sources */ = {isa = PBXBuildFile; fileRef = EAE584FA293F29A4000D5FD0 /* SceneDelegate.swift */; };
		EAE584FD293F29A4000D5FD0 /* MainTabBarViewController.swift in Sources */ = {isa = PBXBuildFile; fileRef = EAE584FC293F29A4000D5FD0 /* MainTabBarViewController.swift */; };
		EAE58502293F29A9000D5FD0 /* Assets.xcassets in Resources */ = {isa = PBXBuildFile; fileRef = EAE58501293F29A9000D5FD0 /* Assets.xcassets */; };
		EAE58505293F29A9000D5FD0 /* LaunchScreen.storyboard in Resources */ = {isa = PBXBuildFile; fileRef = EAE58503293F29A9000D5FD0 /* LaunchScreen.storyboard */; };
		EAE58532293F2DA3000D5FD0 /* HomeViewController.swift in Sources */ = {isa = PBXBuildFile; fileRef = EAE58531293F2DA3000D5FD0 /* HomeViewController.swift */; };
		EAE58534293F2DD6000D5FD0 /* SearchViewController.swift in Sources */ = {isa = PBXBuildFile; fileRef = EAE58533293F2DD6000D5FD0 /* SearchViewController.swift */; };
		EAE58536293F2E0D000D5FD0 /* NotificationsViewController.swift in Sources */ = {isa = PBXBuildFile; fileRef = EAE58535293F2E0D000D5FD0 /* NotificationsViewController.swift */; };
		EAE58538293F2E3F000D5FD0 /* DirectMassagesViewController.swift in Sources */ = {isa = PBXBuildFile; fileRef = EAE58537293F2E3F000D5FD0 /* DirectMassagesViewController.swift */; };
		EAE58543293F5D12000D5FD0 /* TweetTableViewCell.swift in Sources */ = {isa = PBXBuildFile; fileRef = EAE58542293F5D12000D5FD0 /* TweetTableViewCell.swift */; };
		EAE58546294347D8000D5FD0 /* ProfileViewController.swift in Sources */ = {isa = PBXBuildFile; fileRef = EAE58545294347D8000D5FD0 /* ProfileViewController.swift */; };
		EAE5854829436CB9000D5FD0 /* ProfileTableViewHeader.swift in Sources */ = {isa = PBXBuildFile; fileRef = EAE5854729436CB9000D5FD0 /* ProfileTableViewHeader.swift */; };
		EAEC3F352950495F00723AAB /* AuthManager.swift in Sources */ = {isa = PBXBuildFile; fileRef = EAEC3F342950495F00723AAB /* AuthManager.swift */; };
		EAEFF1C32950906100E262E8 /* LoginViewController.swift in Sources */ = {isa = PBXBuildFile; fileRef = EAEFF1C22950906100E262E8 /* LoginViewController.swift */; };
		EAEFF1C62951A56700E262E8 /* TwitterUser.swift in Sources */ = {isa = PBXBuildFile; fileRef = EAEFF1C52951A56700E262E8 /* TwitterUser.swift */; };
		EAEFF1C82951A71500E262E8 /* DatabaseManager.swift in Sources */ = {isa = PBXBuildFile; fileRef = EAEFF1C72951A71500E262E8 /* DatabaseManager.swift */; };
		EAEFF1CA2951CE5E00E262E8 /* HomeViewViewModel.swift in Sources */ = {isa = PBXBuildFile; fileRef = EAEFF1C92951CE5E00E262E8 /* HomeViewViewModel.swift */; };
		EAEFF1CC2951D7A500E262E8 /* ProfileDataFormViewController.swift in Sources */ = {isa = PBXBuildFile; fileRef = EAEFF1CB2951D7A500E262E8 /* ProfileDataFormViewController.swift */; };
		EAEFF1CE2951D93000E262E8 /* ProfileDataFormViewViewModel.swift in Sources */ = {isa = PBXBuildFile; fileRef = EAEFF1CD2951D93000E262E8 /* ProfileDataFormViewViewModel.swift */; };
/* End PBXBuildFile section */

/* Begin PBXFileReference section */
		EA08E32129A7595D00A69FA2 /* StorageManager.swift */ = {isa = PBXFileReference; lastKnownFileType = sourcecode.swift; path = StorageManager.swift; sourceTree = "<group>"; };
		EA08E32329AF33D600A69FA2 /* ProfileViewViewModel.swift */ = {isa = PBXFileReference; lastKnownFileType = sourcecode.swift; path = ProfileViewViewModel.swift; sourceTree = "<group>"; };
		EA08E32A29B09C3600A69FA2 /* Extension+UIColor.swift */ = {isa = PBXFileReference; lastKnownFileType = sourcecode.swift; path = "Extension+UIColor.swift"; sourceTree = "<group>"; };
		EA08E32C29B0A14000A69FA2 /* TweetComposeViewController.swift */ = {isa = PBXFileReference; lastKnownFileType = sourcecode.swift; path = TweetComposeViewController.swift; sourceTree = "<group>"; };
		EA2B52DE294C4A1300A0B616 /* GoogleService-Info.plist */ = {isa = PBXFileReference; fileEncoding = 4; lastKnownFileType = text.plist.xml; path = "GoogleService-Info.plist"; sourceTree = "<group>"; };
		EA2B52F4294C4EFA00A0B616 /* OnboardingViewController.swift */ = {isa = PBXFileReference; lastKnownFileType = sourcecode.swift; path = OnboardingViewController.swift; sourceTree = "<group>"; };
		EA2B52F6294C982700A0B616 /* RegisterViewController.swift */ = {isa = PBXFileReference; lastKnownFileType = sourcecode.swift; path = RegisterViewController.swift; sourceTree = "<group>"; };
		EA2B52F9294F217600A0B616 /* AuthenticationViewViewModel.swift */ = {isa = PBXFileReference; lastKnownFileType = sourcecode.swift; path = AuthenticationViewViewModel.swift; sourceTree = "<group>"; };
		EAE584F5293F29A4000D5FD0 /* TwitterClone.app */ = {isa = PBXFileReference; explicitFileType = wrapper.application; includeInIndex = 0; path = TwitterClone.app; sourceTree = BUILT_PRODUCTS_DIR; };
		EAE584F8293F29A4000D5FD0 /* AppDelegate.swift */ = {isa = PBXFileReference; lastKnownFileType = sourcecode.swift; path = AppDelegate.swift; sourceTree = "<group>"; };
		EAE584FA293F29A4000D5FD0 /* SceneDelegate.swift */ = {isa = PBXFileReference; lastKnownFileType = sourcecode.swift; path = SceneDelegate.swift; sourceTree = "<group>"; };
		EAE584FC293F29A4000D5FD0 /* MainTabBarViewController.swift */ = {isa = PBXFileReference; lastKnownFileType = sourcecode.swift; path = MainTabBarViewController.swift; sourceTree = "<group>"; };
		EAE58501293F29A9000D5FD0 /* Assets.xcassets */ = {isa = PBXFileReference; lastKnownFileType = folder.assetcatalog; path = Assets.xcassets; sourceTree = "<group>"; };
		EAE58504293F29A9000D5FD0 /* Base */ = {isa = PBXFileReference; lastKnownFileType = file.storyboard; name = Base; path = Base.lproj/LaunchScreen.storyboard; sourceTree = "<group>"; };
		EAE58506293F29A9000D5FD0 /* Info.plist */ = {isa = PBXFileReference; lastKnownFileType = text.plist.xml; path = Info.plist; sourceTree = "<group>"; };
		EAE58531293F2DA3000D5FD0 /* HomeViewController.swift */ = {isa = PBXFileReference; lastKnownFileType = sourcecode.swift; path = HomeViewController.swift; sourceTree = "<group>"; };
		EAE58533293F2DD6000D5FD0 /* SearchViewController.swift */ = {isa = PBXFileReference; lastKnownFileType = sourcecode.swift; path = SearchViewController.swift; sourceTree = "<group>"; };
		EAE58535293F2E0D000D5FD0 /* NotificationsViewController.swift */ = {isa = PBXFileReference; lastKnownFileType = sourcecode.swift; path = NotificationsViewController.swift; sourceTree = "<group>"; };
		EAE58537293F2E3F000D5FD0 /* DirectMassagesViewController.swift */ = {isa = PBXFileReference; lastKnownFileType = sourcecode.swift; path = DirectMassagesViewController.swift; sourceTree = "<group>"; };
		EAE58542293F5D12000D5FD0 /* TweetTableViewCell.swift */ = {isa = PBXFileReference; lastKnownFileType = sourcecode.swift; path = TweetTableViewCell.swift; sourceTree = "<group>"; };
		EAE58545294347D8000D5FD0 /* ProfileViewController.swift */ = {isa = PBXFileReference; lastKnownFileType = sourcecode.swift; path = ProfileViewController.swift; sourceTree = "<group>"; };
		EAE5854729436CB9000D5FD0 /* ProfileTableViewHeader.swift */ = {isa = PBXFileReference; lastKnownFileType = sourcecode.swift; path = ProfileTableViewHeader.swift; sourceTree = "<group>"; };
		EAEC3F342950495F00723AAB /* AuthManager.swift */ = {isa = PBXFileReference; lastKnownFileType = sourcecode.swift; path = AuthManager.swift; sourceTree = "<group>"; };
		EAEFF1C22950906100E262E8 /* LoginViewController.swift */ = {isa = PBXFileReference; lastKnownFileType = sourcecode.swift; path = LoginViewController.swift; sourceTree = "<group>"; };
		EAEFF1C52951A56700E262E8 /* TwitterUser.swift */ = {isa = PBXFileReference; lastKnownFileType = sourcecode.swift; path = TwitterUser.swift; sourceTree = "<group>"; };
		EAEFF1C72951A71500E262E8 /* DatabaseManager.swift */ = {isa = PBXFileReference; lastKnownFileType = sourcecode.swift; path = DatabaseManager.swift; sourceTree = "<group>"; };
		EAEFF1C92951CE5E00E262E8 /* HomeViewViewModel.swift */ = {isa = PBXFileReference; lastKnownFileType = sourcecode.swift; path = HomeViewViewModel.swift; sourceTree = "<group>"; };
		EAEFF1CB2951D7A500E262E8 /* ProfileDataFormViewController.swift */ = {isa = PBXFileReference; lastKnownFileType = sourcecode.swift; path = ProfileDataFormViewController.swift; sourceTree = "<group>"; };
		EAEFF1CD2951D93000E262E8 /* ProfileDataFormViewViewModel.swift */ = {isa = PBXFileReference; lastKnownFileType = sourcecode.swift; path = ProfileDataFormViewViewModel.swift; sourceTree = "<group>"; };
/* End PBXFileReference section */

/* Begin PBXFrameworksBuildPhase section */
		EAE584F2293F29A4000D5FD0 /* Frameworks */ = {
			isa = PBXFrameworksBuildPhase;
			buildActionMask = 2147483647;
			files = (
				EA2B52E8294C4C0800A0B616 /* FirebaseDatabaseSwift in Frameworks */,
				EA2B52E6294C4C0800A0B616 /* FirebaseDatabase in Frameworks */,
				EA2B52E2294C4C0800A0B616 /* FirebaseAuth in Frameworks */,
				EA2B52EE294C4C0800A0B616 /* FirebaseFirestoreSwift in Frameworks */,
				EA08E32729AF3CC100A69FA2 /* SDWebImage in Frameworks */,
				EA2B52EC294C4C0800A0B616 /* FirebaseFirestoreCombine-Community in Frameworks */,
				EA2B52F0294C4C0800A0B616 /* FirebaseStorage in Frameworks */,
				EA2B52EA294C4C0800A0B616 /* FirebaseFirestore in Frameworks */,
				EA2B52F2294C4C0800A0B616 /* FirebaseStorageCombine-Community in Frameworks */,
				EA2B52E4294C4C0800A0B616 /* FirebaseAuthCombine-Community in Frameworks */,
			);
			runOnlyForDeploymentPostprocessing = 0;
		};
/* End PBXFrameworksBuildPhase section */

/* Begin PBXGroup section */
		EA08E32829B09BB600A69FA2 /* Utility */ = {
			isa = PBXGroup;
			children = (
				EA08E32929B09BF800A69FA2 /* Extension */,
			);
			path = Utility;
			sourceTree = "<group>";
		};
		EA08E32929B09BF800A69FA2 /* Extension */ = {
			isa = PBXGroup;
			children = (
				EA08E32A29B09C3600A69FA2 /* Extension+UIColor.swift */,
			);
			path = Extension;
			sourceTree = "<group>";
		};
		EA2B52F3294C4EB000A0B616 /* Onboarding */ = {
			isa = PBXGroup;
			children = (
				EA2B52F4294C4EFA00A0B616 /* OnboardingViewController.swift */,
				EA2B52F6294C982700A0B616 /* RegisterViewController.swift */,
				EAEFF1C22950906100E262E8 /* LoginViewController.swift */,
			);
			path = Onboarding;
			sourceTree = "<group>";
		};
		EA2B52F8294F214E00A0B616 /* ViewModel */ = {
			isa = PBXGroup;
			children = (
				EA2B52F9294F217600A0B616 /* AuthenticationViewViewModel.swift */,
				EAEFF1C92951CE5E00E262E8 /* HomeViewViewModel.swift */,
				EAEFF1CD2951D93000E262E8 /* ProfileDataFormViewViewModel.swift */,
				EA08E32329AF33D600A69FA2 /* ProfileViewViewModel.swift */,
			);
			path = ViewModel;
			sourceTree = "<group>";
		};
		EAE584EC293F29A4000D5FD0 = {
			isa = PBXGroup;
			children = (
				EAE584F7293F29A4000D5FD0 /* TwitterClone */,
				EAE584F6293F29A4000D5FD0 /* Products */,
			);
			sourceTree = "<group>";
		};
		EAE584F6293F29A4000D5FD0 /* Products */ = {
			isa = PBXGroup;
			children = (
				EAE584F5293F29A4000D5FD0 /* TwitterClone.app */,
			);
			name = Products;
			sourceTree = "<group>";
		};
		EAE584F7293F29A4000D5FD0 /* TwitterClone */ = {
			isa = PBXGroup;
			children = (
				EAE5852F293F2D60000D5FD0 /* App */,
				EA08E32829B09BB600A69FA2 /* Utility */,
				EAEFF1C42951A50C00E262E8 /* Model */,
				EAEC3F332950492700723AAB /* Networking */,
				EA2B52F8294F214E00A0B616 /* ViewModel */,
				EAE58541293F40F6000D5FD0 /* View */,
				EAE5852C293F2D39000D5FD0 /* Controllers */,
				EAE5852E293F2D52000D5FD0 /* Assets */,
				EAE58506293F29A9000D5FD0 /* Info.plist */,
				EA2B52DE294C4A1300A0B616 /* GoogleService-Info.plist */,
			);
			path = TwitterClone;
			sourceTree = "<group>";
		};
		EAE5852C293F2D39000D5FD0 /* Controllers */ = {
			isa = PBXGroup;
			children = (
				EA2B52F3294C4EB000A0B616 /* Onboarding */,
				EAE585442943474A000D5FD0 /* General */,
				EAE58530293F2D78000D5FD0 /* Core */,
			);
			path = Controllers;
			sourceTree = "<group>";
		};
		EAE5852E293F2D52000D5FD0 /* Assets */ = {
			isa = PBXGroup;
			children = (
				EAE58501293F29A9000D5FD0 /* Assets.xcassets */,
				EAE58503293F29A9000D5FD0 /* LaunchScreen.storyboard */,
			);
			path = Assets;
			sourceTree = "<group>";
		};
		EAE5852F293F2D60000D5FD0 /* App */ = {
			isa = PBXGroup;
			children = (
				EAE584F8293F29A4000D5FD0 /* AppDelegate.swift */,
				EAE584FA293F29A4000D5FD0 /* SceneDelegate.swift */,
			);
			path = App;
			sourceTree = "<group>";
		};
		EAE58530293F2D78000D5FD0 /* Core */ = {
			isa = PBXGroup;
			children = (
				EAE584FC293F29A4000D5FD0 /* MainTabBarViewController.swift */,
				EAE58531293F2DA3000D5FD0 /* HomeViewController.swift */,
				EAE58533293F2DD6000D5FD0 /* SearchViewController.swift */,
				EAE58535293F2E0D000D5FD0 /* NotificationsViewController.swift */,
				EAE58537293F2E3F000D5FD0 /* DirectMassagesViewController.swift */,
			);
			path = Core;
			sourceTree = "<group>";
		};
		EAE58541293F40F6000D5FD0 /* View */ = {
			isa = PBXGroup;
			children = (
				EAE58542293F5D12000D5FD0 /* TweetTableViewCell.swift */,
				EAE5854729436CB9000D5FD0 /* ProfileTableViewHeader.swift */,
			);
			path = View;
			sourceTree = "<group>";
		};
		EAE585442943474A000D5FD0 /* General */ = {
			isa = PBXGroup;
			children = (
				EAE58545294347D8000D5FD0 /* ProfileViewController.swift */,
				EAEFF1CB2951D7A500E262E8 /* ProfileDataFormViewController.swift */,
				EA08E32C29B0A14000A69FA2 /* TweetComposeViewController.swift */,
			);
			path = General;
			sourceTree = "<group>";
		};
		EAEC3F332950492700723AAB /* Networking */ = {
			isa = PBXGroup;
			children = (
				EAEC3F342950495F00723AAB /* AuthManager.swift */,
				EAEFF1C72951A71500E262E8 /* DatabaseManager.swift */,
				EA08E32129A7595D00A69FA2 /* StorageManager.swift */,
			);
			path = Networking;
			sourceTree = "<group>";
		};
		EAEFF1C42951A50C00E262E8 /* Model */ = {
			isa = PBXGroup;
			children = (
				EAEFF1C52951A56700E262E8 /* TwitterUser.swift */,
			);
			path = Model;
			sourceTree = "<group>";
		};
/* End PBXGroup section */

/* Begin PBXNativeTarget section */
		EAE584F4293F29A4000D5FD0 /* TwitterClone */ = {
			isa = PBXNativeTarget;
			buildConfigurationList = EAE58509293F29A9000D5FD0 /* Build configuration list for PBXNativeTarget "TwitterClone" */;
			buildPhases = (
				EAE584F1293F29A4000D5FD0 /* Sources */,
				EAE584F2293F29A4000D5FD0 /* Frameworks */,
				EAE584F3293F29A4000D5FD0 /* Resources */,
			);
			buildRules = (
			);
			dependencies = (
			);
			name = TwitterClone;
			packageProductDependencies = (
				EA2B52E1294C4C0800A0B616 /* FirebaseAuth */,
				EA2B52E3294C4C0800A0B616 /* FirebaseAuthCombine-Community */,
				EA2B52E5294C4C0800A0B616 /* FirebaseDatabase */,
				EA2B52E7294C4C0800A0B616 /* FirebaseDatabaseSwift */,
				EA2B52E9294C4C0800A0B616 /* FirebaseFirestore */,
				EA2B52EB294C4C0800A0B616 /* FirebaseFirestoreCombine-Community */,
				EA2B52ED294C4C0800A0B616 /* FirebaseFirestoreSwift */,
				EA2B52EF294C4C0800A0B616 /* FirebaseStorage */,
				EA2B52F1294C4C0800A0B616 /* FirebaseStorageCombine-Community */,
				EA08E32629AF3CC100A69FA2 /* SDWebImage */,
			);
			productName = TwitterClone;
			productReference = EAE584F5293F29A4000D5FD0 /* TwitterClone.app */;
			productType = "com.apple.product-type.application";
		};
/* End PBXNativeTarget section */

/* Begin PBXProject section */
		EAE584ED293F29A4000D5FD0 /* Project object */ = {
			isa = PBXProject;
			attributes = {
				BuildIndependentTargetsInParallel = 1;
				LastSwiftUpdateCheck = 1400;
				LastUpgradeCheck = 1400;
				TargetAttributes = {
					EAE584F4293F29A4000D5FD0 = {
						CreatedOnToolsVersion = 14.0;
					};
				};
			};
			buildConfigurationList = EAE584F0293F29A4000D5FD0 /* Build configuration list for PBXProject "TwitterClone" */;
			compatibilityVersion = "Xcode 14.0";
			developmentRegion = en;
			hasScannedForEncodings = 0;
			knownRegions = (
				en,
				Base,
			);
			mainGroup = EAE584EC293F29A4000D5FD0;
			packageReferences = (
				EA2B52E0294C4C0800A0B616 /* XCRemoteSwiftPackageReference "firebase-ios-sdk" */,
				EA08E32529AF3CC100A69FA2 /* XCRemoteSwiftPackageReference "SDWebImage" */,
			);
			productRefGroup = EAE584F6293F29A4000D5FD0 /* Products */;
			projectDirPath = "";
			projectRoot = "";
			targets = (
				EAE584F4293F29A4000D5FD0 /* TwitterClone */,
			);
		};
/* End PBXProject section */

/* Begin PBXResourcesBuildPhase section */
		EAE584F3293F29A4000D5FD0 /* Resources */ = {
			isa = PBXResourcesBuildPhase;
			buildActionMask = 2147483647;
			files = (
				EAE58505293F29A9000D5FD0 /* LaunchScreen.storyboard in Resources */,
				EAE58502293F29A9000D5FD0 /* Assets.xcassets in Resources */,
				EA2B52DF294C4A1400A0B616 /* GoogleService-Info.plist in Resources */,
			);
			runOnlyForDeploymentPostprocessing = 0;
		};
/* End PBXResourcesBuildPhase section */

/* Begin PBXSourcesBuildPhase section */
		EAE584F1293F29A4000D5FD0 /* Sources */ = {
			isa = PBXSourcesBuildPhase;
			buildActionMask = 2147483647;
			files = (
				EA08E32B29B09C3700A69FA2 /* Extension+UIColor.swift in Sources */,
				EAE58534293F2DD6000D5FD0 /* SearchViewController.swift in Sources */,
				EA08E32D29B0A14000A69FA2 /* TweetComposeViewController.swift in Sources */,
				EAEC3F352950495F00723AAB /* AuthManager.swift in Sources */,
				EAE584FD293F29A4000D5FD0 /* MainTabBarViewController.swift in Sources */,
				EA08E32229A7595D00A69FA2 /* StorageManager.swift in Sources */,
				EAEFF1C32950906100E262E8 /* LoginViewController.swift in Sources */,
				EAEFF1C82951A71500E262E8 /* DatabaseManager.swift in Sources */,
				EAE584F9293F29A4000D5FD0 /* AppDelegate.swift in Sources */,
				EA08E32429AF33D600A69FA2 /* ProfileViewViewModel.swift in Sources */,
				EA2B52F7294C982700A0B616 /* RegisterViewController.swift in Sources */,
				EAE58538293F2E3F000D5FD0 /* DirectMassagesViewController.swift in Sources */,
				EAE58536293F2E0D000D5FD0 /* NotificationsViewController.swift in Sources */,
				EAE584FB293F29A4000D5FD0 /* SceneDelegate.swift in Sources */,
				EA2B52FA294F217600A0B616 /* AuthenticationViewViewModel.swift in Sources */,
				EAEFF1CE2951D93000E262E8 /* ProfileDataFormViewViewModel.swift in Sources */,
				EAE58546294347D8000D5FD0 /* ProfileViewController.swift in Sources */,
				EAE58532293F2DA3000D5FD0 /* HomeViewController.swift in Sources */,
				EAE5854829436CB9000D5FD0 /* ProfileTableViewHeader.swift in Sources */,
				EAEFF1CC2951D7A500E262E8 /* ProfileDataFormViewController.swift in Sources */,
				EA2B52F5294C4EFA00A0B616 /* OnboardingViewController.swift in Sources */,
				EAEFF1C62951A56700E262E8 /* TwitterUser.swift in Sources */,
				EAEFF1CA2951CE5E00E262E8 /* HomeViewViewModel.swift in Sources */,
				EAE58543293F5D12000D5FD0 /* TweetTableViewCell.swift in Sources */,
			);
			runOnlyForDeploymentPostprocessing = 0;
		};
/* End PBXSourcesBuildPhase section */

/* Begin PBXVariantGroup section */
		EAE58503293F29A9000D5FD0 /* LaunchScreen.storyboard */ = {
			isa = PBXVariantGroup;
			children = (
				EAE58504293F29A9000D5FD0 /* Base */,
			);
			name = LaunchScreen.storyboard;
			sourceTree = "<group>";
		};
/* End PBXVariantGroup section */

/* Begin XCBuildConfiguration section */
		EAE58507293F29A9000D5FD0 /* Debug */ = {
			isa = XCBuildConfiguration;
			buildSettings = {
				ALWAYS_SEARCH_USER_PATHS = NO;
				CLANG_ANALYZER_NONNULL = YES;
				CLANG_ANALYZER_NUMBER_OBJECT_CONVERSION = YES_AGGRESSIVE;
				CLANG_CXX_LANGUAGE_STANDARD = "gnu++20";
				CLANG_ENABLE_MODULES = YES;
				CLANG_ENABLE_OBJC_ARC = YES;
				CLANG_ENABLE_OBJC_WEAK = YES;
				CLANG_WARN_BLOCK_CAPTURE_AUTORELEASING = YES;
				CLANG_WARN_BOOL_CONVERSION = YES;
				CLANG_WARN_COMMA = YES;
				CLANG_WARN_CONSTANT_CONVERSION = YES;
				CLANG_WARN_DEPRECATED_OBJC_IMPLEMENTATIONS = YES;
				CLANG_WARN_DIRECT_OBJC_ISA_USAGE = YES_ERROR;
				CLANG_WARN_DOCUMENTATION_COMMENTS = YES;
				CLANG_WARN_EMPTY_BODY = YES;
				CLANG_WARN_ENUM_CONVERSION = YES;
				CLANG_WARN_INFINITE_RECURSION = YES;
				CLANG_WARN_INT_CONVERSION = YES;
				CLANG_WARN_NON_LITERAL_NULL_CONVERSION = YES;
				CLANG_WARN_OBJC_IMPLICIT_RETAIN_SELF = YES;
				CLANG_WARN_OBJC_LITERAL_CONVERSION = YES;
				CLANG_WARN_OBJC_ROOT_CLASS = YES_ERROR;
				CLANG_WARN_QUOTED_INCLUDE_IN_FRAMEWORK_HEADER = YES;
				CLANG_WARN_RANGE_LOOP_ANALYSIS = YES;
				CLANG_WARN_STRICT_PROTOTYPES = YES;
				CLANG_WARN_SUSPICIOUS_MOVE = YES;
				CLANG_WARN_UNGUARDED_AVAILABILITY = YES_AGGRESSIVE;
				CLANG_WARN_UNREACHABLE_CODE = YES;
				CLANG_WARN__DUPLICATE_METHOD_MATCH = YES;
				COPY_PHASE_STRIP = NO;
				DEBUG_INFORMATION_FORMAT = dwarf;
				ENABLE_STRICT_OBJC_MSGSEND = YES;
				ENABLE_TESTABILITY = YES;
				GCC_C_LANGUAGE_STANDARD = gnu11;
				GCC_DYNAMIC_NO_PIC = NO;
				GCC_NO_COMMON_BLOCKS = YES;
				GCC_OPTIMIZATION_LEVEL = 0;
				GCC_PREPROCESSOR_DEFINITIONS = (
					"DEBUG=1",
					"$(inherited)",
				);
				GCC_WARN_64_TO_32_BIT_CONVERSION = YES;
				GCC_WARN_ABOUT_RETURN_TYPE = YES_ERROR;
				GCC_WARN_UNDECLARED_SELECTOR = YES;
				GCC_WARN_UNINITIALIZED_AUTOS = YES_AGGRESSIVE;
				GCC_WARN_UNUSED_FUNCTION = YES;
				GCC_WARN_UNUSED_VARIABLE = YES;
				IPHONEOS_DEPLOYMENT_TARGET = 16.0;
				MTL_ENABLE_DEBUG_INFO = INCLUDE_SOURCE;
				MTL_FAST_MATH = YES;
				ONLY_ACTIVE_ARCH = YES;
				SDKROOT = iphoneos;
				SWIFT_ACTIVE_COMPILATION_CONDITIONS = DEBUG;
				SWIFT_OPTIMIZATION_LEVEL = "-Onone";
			};
			name = Debug;
		};
		EAE58508293F29A9000D5FD0 /* Release */ = {
			isa = XCBuildConfiguration;
			buildSettings = {
				ALWAYS_SEARCH_USER_PATHS = NO;
				CLANG_ANALYZER_NONNULL = YES;
				CLANG_ANALYZER_NUMBER_OBJECT_CONVERSION = YES_AGGRESSIVE;
				CLANG_CXX_LANGUAGE_STANDARD = "gnu++20";
				CLANG_ENABLE_MODULES = YES;
				CLANG_ENABLE_OBJC_ARC = YES;
				CLANG_ENABLE_OBJC_WEAK = YES;
				CLANG_WARN_BLOCK_CAPTURE_AUTORELEASING = YES;
				CLANG_WARN_BOOL_CONVERSION = YES;
				CLANG_WARN_COMMA = YES;
				CLANG_WARN_CONSTANT_CONVERSION = YES;
				CLANG_WARN_DEPRECATED_OBJC_IMPLEMENTATIONS = YES;
				CLANG_WARN_DIRECT_OBJC_ISA_USAGE = YES_ERROR;
				CLANG_WARN_DOCUMENTATION_COMMENTS = YES;
				CLANG_WARN_EMPTY_BODY = YES;
				CLANG_WARN_ENUM_CONVERSION = YES;
				CLANG_WARN_INFINITE_RECURSION = YES;
				CLANG_WARN_INT_CONVERSION = YES;
				CLANG_WARN_NON_LITERAL_NULL_CONVERSION = YES;
				CLANG_WARN_OBJC_IMPLICIT_RETAIN_SELF = YES;
				CLANG_WARN_OBJC_LITERAL_CONVERSION = YES;
				CLANG_WARN_OBJC_ROOT_CLASS = YES_ERROR;
				CLANG_WARN_QUOTED_INCLUDE_IN_FRAMEWORK_HEADER = YES;
				CLANG_WARN_RANGE_LOOP_ANALYSIS = YES;
				CLANG_WARN_STRICT_PROTOTYPES = YES;
				CLANG_WARN_SUSPICIOUS_MOVE = YES;
				CLANG_WARN_UNGUARDED_AVAILABILITY = YES_AGGRESSIVE;
				CLANG_WARN_UNREACHABLE_CODE = YES;
				CLANG_WARN__DUPLICATE_METHOD_MATCH = YES;
				COPY_PHASE_STRIP = NO;
				DEBUG_INFORMATION_FORMAT = "dwarf-with-dsym";
				ENABLE_NS_ASSERTIONS = NO;
				ENABLE_STRICT_OBJC_MSGSEND = YES;
				GCC_C_LANGUAGE_STANDARD = gnu11;
				GCC_NO_COMMON_BLOCKS = YES;
				GCC_WARN_64_TO_32_BIT_CONVERSION = YES;
				GCC_WARN_ABOUT_RETURN_TYPE = YES_ERROR;
				GCC_WARN_UNDECLARED_SELECTOR = YES;
				GCC_WARN_UNINITIALIZED_AUTOS = YES_AGGRESSIVE;
				GCC_WARN_UNUSED_FUNCTION = YES;
				GCC_WARN_UNUSED_VARIABLE = YES;
				IPHONEOS_DEPLOYMENT_TARGET = 16.0;
				MTL_ENABLE_DEBUG_INFO = NO;
				MTL_FAST_MATH = YES;
				SDKROOT = iphoneos;
				SWIFT_COMPILATION_MODE = wholemodule;
				SWIFT_OPTIMIZATION_LEVEL = "-O";
				VALIDATE_PRODUCT = YES;
			};
			name = Release;
		};
		EAE5850A293F29A9000D5FD0 /* Debug */ = {
			isa = XCBuildConfiguration;
			buildSettings = {
				ASSETCATALOG_COMPILER_APPICON_NAME = AppIcon;
				ASSETCATALOG_COMPILER_GLOBAL_ACCENT_COLOR_NAME = AccentColor;
				CODE_SIGN_STYLE = Automatic;
				CURRENT_PROJECT_VERSION = 1;
				DEVELOPMENT_TEAM = RSBH48TS8D;
				GENERATE_INFOPLIST_FILE = YES;
				INFOPLIST_FILE = TwitterClone/Info.plist;
				INFOPLIST_KEY_UIApplicationSupportsIndirectInputEvents = YES;
				INFOPLIST_KEY_UILaunchStoryboardName = LaunchScreen;
				INFOPLIST_KEY_UISupportedInterfaceOrientations_iPad = "UIInterfaceOrientationPortrait UIInterfaceOrientationPortraitUpsideDown UIInterfaceOrientationLandscapeLeft UIInterfaceOrientationLandscapeRight";
				INFOPLIST_KEY_UISupportedInterfaceOrientations_iPhone = "UIInterfaceOrientationPortrait UIInterfaceOrientationLandscapeLeft UIInterfaceOrientationLandscapeRight";
				LD_RUNPATH_SEARCH_PATHS = (
					"$(inherited)",
					"@executable_path/Frameworks",
				);
				MARKETING_VERSION = 1.0;
				PRODUCT_BUNDLE_IDENTIFIER = gvelko90.TwitterClone;
				PRODUCT_NAME = "$(TARGET_NAME)";
				SWIFT_EMIT_LOC_STRINGS = YES;
				SWIFT_VERSION = 5.0;
				TARGETED_DEVICE_FAMILY = "1,2";
			};
			name = Debug;
		};
		EAE5850B293F29A9000D5FD0 /* Release */ = {
			isa = XCBuildConfiguration;
			buildSettings = {
				ASSETCATALOG_COMPILER_APPICON_NAME = AppIcon;
				ASSETCATALOG_COMPILER_GLOBAL_ACCENT_COLOR_NAME = AccentColor;
				CODE_SIGN_STYLE = Automatic;
				CURRENT_PROJECT_VERSION = 1;
				DEVELOPMENT_TEAM = RSBH48TS8D;
				GENERATE_INFOPLIST_FILE = YES;
				INFOPLIST_FILE = TwitterClone/Info.plist;
				INFOPLIST_KEY_UIApplicationSupportsIndirectInputEvents = YES;
				INFOPLIST_KEY_UILaunchStoryboardName = LaunchScreen;
				INFOPLIST_KEY_UISupportedInterfaceOrientations_iPad = "UIInterfaceOrientationPortrait UIInterfaceOrientationPortraitUpsideDown UIInterfaceOrientationLandscapeLeft UIInterfaceOrientationLandscapeRight";
				INFOPLIST_KEY_UISupportedInterfaceOrientations_iPhone = "UIInterfaceOrientationPortrait UIInterfaceOrientationLandscapeLeft UIInterfaceOrientationLandscapeRight";
				LD_RUNPATH_SEARCH_PATHS = (
					"$(inherited)",
					"@executable_path/Frameworks",
				);
				MARKETING_VERSION = 1.0;
				PRODUCT_BUNDLE_IDENTIFIER = gvelko90.TwitterClone;
				PRODUCT_NAME = "$(TARGET_NAME)";
				SWIFT_EMIT_LOC_STRINGS = YES;
				SWIFT_VERSION = 5.0;
				TARGETED_DEVICE_FAMILY = "1,2";
			};
			name = Release;
		};
/* End XCBuildConfiguration section */

/* Begin XCConfigurationList section */
		EAE584F0293F29A4000D5FD0 /* Build configuration list for PBXProject "TwitterClone" */ = {
			isa = XCConfigurationList;
			buildConfigurations = (
				EAE58507293F29A9000D5FD0 /* Debug */,
				EAE58508293F29A9000D5FD0 /* Release */,
			);
			defaultConfigurationIsVisible = 0;
			defaultConfigurationName = Release;
		};
		EAE58509293F29A9000D5FD0 /* Build configuration list for PBXNativeTarget "TwitterClone" */ = {
			isa = XCConfigurationList;
			buildConfigurations = (
				EAE5850A293F29A9000D5FD0 /* Debug */,
				EAE5850B293F29A9000D5FD0 /* Release */,
			);
			defaultConfigurationIsVisible = 0;
			defaultConfigurationName = Release;
		};
/* End XCConfigurationList section */

/* Begin XCRemoteSwiftPackageReference section */
		EA08E32529AF3CC100A69FA2 /* XCRemoteSwiftPackageReference "SDWebImage" */ = {
			isa = XCRemoteSwiftPackageReference;
			repositoryURL = "https://github.com/SDWebImage/SDWebImage.git";
			requirement = {
				branch = master;
				kind = branch;
			};
		};
		EA2B52E0294C4C0800A0B616 /* XCRemoteSwiftPackageReference "firebase-ios-sdk" */ = {
			isa = XCRemoteSwiftPackageReference;
			repositoryURL = "https://github.com/firebase/firebase-ios-sdk";
			requirement = {
				kind = upToNextMinorVersion;
				minimumVersion = 9.6.0;
			};
		};
/* End XCRemoteSwiftPackageReference section */

/* Begin XCSwiftPackageProductDependency section */
		EA08E32629AF3CC100A69FA2 /* SDWebImage */ = {
			isa = XCSwiftPackageProductDependency;
			package = EA08E32529AF3CC100A69FA2 /* XCRemoteSwiftPackageReference "SDWebImage" */;
			productName = SDWebImage;
		};
		EA2B52E1294C4C0800A0B616 /* FirebaseAuth */ = {
			isa = XCSwiftPackageProductDependency;
			package = EA2B52E0294C4C0800A0B616 /* XCRemoteSwiftPackageReference "firebase-ios-sdk" */;
			productName = FirebaseAuth;
		};
		EA2B52E3294C4C0800A0B616 /* FirebaseAuthCombine-Community */ = {
			isa = XCSwiftPackageProductDependency;
			package = EA2B52E0294C4C0800A0B616 /* XCRemoteSwiftPackageReference "firebase-ios-sdk" */;
			productName = "FirebaseAuthCombine-Community";
		};
		EA2B52E5294C4C0800A0B616 /* FirebaseDatabase */ = {
			isa = XCSwiftPackageProductDependency;
			package = EA2B52E0294C4C0800A0B616 /* XCRemoteSwiftPackageReference "firebase-ios-sdk" */;
			productName = FirebaseDatabase;
		};
		EA2B52E7294C4C0800A0B616 /* FirebaseDatabaseSwift */ = {
			isa = XCSwiftPackageProductDependency;
			package = EA2B52E0294C4C0800A0B616 /* XCRemoteSwiftPackageReference "firebase-ios-sdk" */;
			productName = FirebaseDatabaseSwift;
		};
		EA2B52E9294C4C0800A0B616 /* FirebaseFirestore */ = {
			isa = XCSwiftPackageProductDependency;
			package = EA2B52E0294C4C0800A0B616 /* XCRemoteSwiftPackageReference "firebase-ios-sdk" */;
			productName = FirebaseFirestore;
		};
		EA2B52EB294C4C0800A0B616 /* FirebaseFirestoreCombine-Community */ = {
			isa = XCSwiftPackageProductDependency;
			package = EA2B52E0294C4C0800A0B616 /* XCRemoteSwiftPackageReference "firebase-ios-sdk" */;
			productName = "FirebaseFirestoreCombine-Community";
		};
		EA2B52ED294C4C0800A0B616 /* FirebaseFirestoreSwift */ = {
			isa = XCSwiftPackageProductDependency;
			package = EA2B52E0294C4C0800A0B616 /* XCRemoteSwiftPackageReference "firebase-ios-sdk" */;
			productName = FirebaseFirestoreSwift;
		};
		EA2B52EF294C4C0800A0B616 /* FirebaseStorage */ = {
			isa = XCSwiftPackageProductDependency;
			package = EA2B52E0294C4C0800A0B616 /* XCRemoteSwiftPackageReference "firebase-ios-sdk" */;
			productName = FirebaseStorage;
		};
		EA2B52F1294C4C0800A0B616 /* FirebaseStorageCombine-Community */ = {
			isa = XCSwiftPackageProductDependency;
			package = EA2B52E0294C4C0800A0B616 /* XCRemoteSwiftPackageReference "firebase-ios-sdk" */;
			productName = "FirebaseStorageCombine-Community";
		};
/* End XCSwiftPackageProductDependency section */
	};
	rootObject = EAE584ED293F29A4000D5FD0 /* Project object */;
}
